Microsoft Visual Studio Solution File, Format Version 12.00
# Visual Studio Version 17
VisualStudioVersion = 17.5.2.0
MinimumVisualStudioVersion = 10.0.40219.1
Project("{FAE04EC0-301F-11D3-BF4B-00C04F79EFBC}") = "LearnWebApi", "LearnWebApi.csproj", "{61B5736D-EA5A-7CDF-42BF-15D0F2C213CE}"
EndProject
Global
	GlobalSection(SolutionConfigurationPlatforms) = preSolution
		Debug|Any CPU = Debug|Any CPU
		Release|Any CPU = Release|Any CPU
	EndGlobalSection
	GlobalSection(ProjectConfigurationPlatforms) = postSolution
		{61B5736D-EA5A-7CDF-42BF-15D0F2C213CE}.Debug|Any CPU.ActiveCfg = Debug|Any CPU
		{61B5736D-EA5A-7CDF-42BF-15D0F2C213CE}.Debug|Any CPU.Build.0 = Debug|Any CPU
		{61B5736D-EA5A-7CDF-42BF-15D0F2C213CE}.Release|Any CPU.ActiveCfg = Release|Any CPU
		{61B5736D-EA5A-7CDF-42BF-15D0F2C213CE}.Release|Any CPU.Build.0 = Release|Any CPU
	EndGlobalSection
	GlobalSection(SolutionProperties) = preSolution
		HideSolutionNode = FALSE
	EndGlobalSection
	GlobalSection(ExtensibilityGlobals) = postSolution
		SolutionGuid = {629580D5-4E2E-4FB9-AB0A-609D04486D73}
	EndGlobalSection
EndGlobal
